{
    "_readme": [
        "This file locks the dependencies of your project to a known state",
        "Read more about it at https://getcomposer.org/doc/01-basic-usage.md#installing-dependencies",
        "This file is @generated automatically"
    ],
    "content-hash": "23731bc44eda8cbbc93e16b772a1339d",
    "packages": [
        {
            "name": "phpstan/phpstan",
            "version": "1.10.2",
            "source": {
                "type": "git",
                "url": "https://github.com/phpstan/phpstan.git",
                "reference": "a2ffec7db373d8da4973d1d62add872db5cd22dd"
            },
            "dist": {
                "type": "zip",
                "url": "https://api.github.com/repos/phpstan/phpstan/zipball/a2ffec7db373d8da4973d1d62add872db5cd22dd",
                "reference": "a2ffec7db373d8da4973d1d62add872db5cd22dd",
                "shasum": ""
            },
            "require": {
                "php": "^7.2|^8.0"
            },
            "conflict": {
                "phpstan/phpstan-shim": "*"
            },
            "bin": [
                "phpstan",
                "phpstan.phar"
            ],
            "type": "library",
            "autoload": {
                "files": [
                    "bootstrap.php"
                ]
            },
            "notification-url": "https://packagist.org/downloads/",
            "license": [
                "MIT"
            ],
            "description": "PHPStan - PHP Static Analysis Tool",
            "keywords": [
                "dev",
                "static analysis"
            ],
            "support": {
                "issues": "https://github.com/phpstan/phpstan/issues",
                "source": "https://github.com/phpstan/phpstan/tree/1.10.2"
            },
            "funding": [
                {
                    "url": "https://github.com/ondrejmirtes",
                    "type": "github"
                },
                {
                    "url": "https://github.com/phpstan",
                    "type": "github"
                },
                {
                    "url": "https://tidelift.com/funding/github/packagist/phpstan/phpstan",
                    "type": "tidelift"
                }
            ],
            "time": "2023-02-23T14:36:46+00:00"
        },
        {
            "name": "phpstan/phpstan-deprecation-rules",
            "version": "1.1.2",
            "source": {
                "type": "git",
                "url": "https://github.com/phpstan/phpstan-deprecation-rules.git",
                "reference": "bcc1e8cdf81c3da1a2ba9188ee94cd7e2a62e865"
            },
            "dist": {
                "type": "zip",
                "url": "https://api.github.com/repos/phpstan/phpstan-deprecation-rules/zipball/bcc1e8cdf81c3da1a2ba9188ee94cd7e2a62e865",
                "reference": "bcc1e8cdf81c3da1a2ba9188ee94cd7e2a62e865",
                "shasum": ""
            },
            "require": {
                "php": "^7.2 || ^8.0",
                "phpstan/phpstan": "^1.10"
            },
            "require-dev": {
                "php-parallel-lint/php-parallel-lint": "^1.2",
                "phpstan/phpstan-php-parser": "^1.1",
                "phpstan/phpstan-phpunit": "^1.0",
                "phpunit/phpunit": "^9.5"
            },
            "type": "phpstan-extension",
            "extra": {
                "phpstan": {
                    "includes": [
                        "rules.neon"
                    ]
                }
            },
            "autoload": {
                "psr-4": {
                    "PHPStan\\": "src/"
                }
            },
            "notification-url": "https://packagist.org/downloads/",
            "license": [
                "MIT"
            ],
            "description": "PHPStan rules for detecting usage of deprecated classes, methods, properties, constants and traits.",
            "support": {
                "issues": "https://github.com/phpstan/phpstan-deprecation-rules/issues",
                "source": "https://github.com/phpstan/phpstan-deprecation-rules/tree/1.1.2"
            },
            "time": "2023-01-17T16:14:21+00:00"
        },
        {
            "name": "phpstan/phpstan-dibi",
            "version": "1.0.1",
            "source": {
                "type": "git",
                "url": "https://github.com/phpstan/phpstan-dibi.git",
                "reference": "f5b29e0261d0948f68bc1800e30cbe90808725d8"
            },
            "dist": {
                "type": "zip",
                "url": "https://api.github.com/repos/phpstan/phpstan-dibi/zipball/f5b29e0261d0948f68bc1800e30cbe90808725d8",
                "reference": "f5b29e0261d0948f68bc1800e30cbe90808725d8",
                "shasum": ""
            },
            "require": {
                "php": "^7.1 || ^8.0",
                "phpstan/phpstan": "^1.0"
            },
            "conflict": {
                "dibi/dibi": "<3.0"
            },
            "require-dev": {
                "dibi/dibi": "~4.0",
                "php-parallel-lint/php-parallel-lint": "^1.2",
                "phpstan/phpstan-phpunit": "^1.0",
                "phpstan/phpstan-strict-rules": "^1.0",
                "phpunit/phpunit": "^9.5"
            },
            "type": "phpstan-extension",
            "extra": {
                "branch-alias": {
                    "dev-master": "1.0-dev"
                },
                "phpstan": {
                    "includes": [
                        "extension.neon"
                    ]
                }
            },
            "autoload": {
                "psr-4": {
                    "PHPStan\\": "src/"
                }
            },
            "notification-url": "https://packagist.org/downloads/",
            "license": [
                "MIT"
            ],
            "description": "Dibi class reflection extension for PHPStan",
            "support": {
                "issues": "https://github.com/phpstan/phpstan-dibi/issues",
                "source": "https://github.com/phpstan/phpstan-dibi/tree/1.0.1"
            },
            "time": "2022-01-16T10:42:02+00:00"
        },
        {
            "name": "phpstan/phpstan-nette",
            "version": "1.2.4",
            "source": {
                "type": "git",
                "url": "https://github.com/phpstan/phpstan-nette.git",
                "reference": "9e083bb5befde7b73f9a12fc5bd223a7dcd63920"
            },
            "dist": {
                "type": "zip",
                "url": "https://api.github.com/repos/phpstan/phpstan-nette/zipball/9e083bb5befde7b73f9a12fc5bd223a7dcd63920",
                "reference": "9e083bb5befde7b73f9a12fc5bd223a7dcd63920",
                "shasum": ""
            },
            "require": {
                "php": "^7.2 || ^8.0",
                "phpstan/phpstan": "^1.10"
            },
            "conflict": {
                "nette/application": "<2.3.0",
                "nette/component-model": "<2.3.0",
                "nette/di": "<2.3.0",
                "nette/forms": "<2.3.0",
                "nette/http": "<2.3.0",
                "nette/utils": "<2.3.0"
            },
            "require-dev": {
                "nette/forms": "^3.0",
                "nette/utils": "^2.3.0 || ^3.0.0",
                "nikic/php-parser": "^4.13.2",
                "php-parallel-lint/php-parallel-lint": "^1.2",
                "phpstan/phpstan-php-parser": "^1.1",
                "phpstan/phpstan-phpunit": "^1.0",
                "phpstan/phpstan-strict-rules": "^1.0",
                "phpunit/phpunit": "^9.5"
            },
            "type": "phpstan-extension",
            "extra": {
                "phpstan": {
                    "includes": [
                        "extension.neon",
                        "rules.neon"
                    ]
                }
            },
            "autoload": {
                "psr-4": {
                    "PHPStan\\": "src/"
                }
            },
            "notification-url": "https://packagist.org/downloads/",
            "license": [
                "MIT"
            ],
            "description": "Nette Framework class reflection extension for PHPStan",
            "support": {
                "issues": "https://github.com/phpstan/phpstan-nette/issues",
                "source": "https://github.com/phpstan/phpstan-nette/tree/1.2.4"
            },
            "time": "2023-02-18T13:39:23+00:00"
        },
        {
            "name": "phpstan/phpstan-strict-rules",
            "version": "1.5.0",
            "source": {
                "type": "git",
                "url": "https://github.com/phpstan/phpstan-strict-rules.git",
                "reference": "b7dd96a5503919a43b3cd06a2dced9d4252492f2"
            },
            "dist": {
                "type": "zip",
                "url": "https://api.github.com/repos/phpstan/phpstan-strict-rules/zipball/b7dd96a5503919a43b3cd06a2dced9d4252492f2",
                "reference": "b7dd96a5503919a43b3cd06a2dced9d4252492f2",
                "shasum": ""
            },
            "require": {
                "php": "^7.2 || ^8.0",
                "phpstan/phpstan": "^1.10"
            },
            "require-dev": {
                "nikic/php-parser": "^4.13.0",
                "php-parallel-lint/php-parallel-lint": "^1.2",
                "phpstan/phpstan-deprecation-rules": "^1.1",
                "phpstan/phpstan-phpunit": "^1.0",
                "phpunit/phpunit": "^9.5"
            },
            "type": "phpstan-extension",
            "extra": {
                "phpstan": {
                    "includes": [
                        "rules.neon"
                    ]
                }
            },
            "autoload": {
                "psr-4": {
                    "PHPStan\\": "src/"
                }
            },
            "notification-url": "https://packagist.org/downloads/",
            "license": [
                "MIT"
            ],
            "description": "Extra strict and opinionated rules for PHPStan",
            "support": {
                "issues": "https://github.com/phpstan/phpstan-strict-rules/issues",
                "source": "https://github.com/phpstan/phpstan-strict-rules/tree/1.5.0"
            },
            "time": "2023-02-21T10:17:10+00:00"
        }
    ],
    "packages-dev": [],
    "aliases": [],
    "minimum-stability": "stable",
    "stability-flags": [],
    "prefer-stable": false,
    "prefer-lowest": false,
    "platform": [],
    "platform-dev": [],
    "plugin-api-version": "2.3.0"
}
