{
    "_readme": [
        "This file locks the dependencies of your project to a known state",
        "Read more about it at https://getcomposer.org/doc/01-basic-usage.md#installing-dependencies",
        "This file is @generated automatically"
    ],
    "content-hash": "6e7098f45faac23dd08a03aad2916a8b",
    "packages": [
        {
            "name": "beberlei/assert",
            "version": "v3.3.3",
            "source": {
                "type": "git",
                "url": "https://github.com/beberlei/assert.git",
                "reference": "b5fd8eacd8915a1b627b8bfc027803f1939734dd"
            },
            "dist": {
                "type": "zip",
                "url": "https://api.github.com/repos/beberlei/assert/zipball/b5fd8eacd8915a1b627b8bfc027803f1939734dd",
                "reference": "b5fd8eacd8915a1b627b8bfc027803f1939734dd",
                "shasum": ""
            },
            "require": {
                "ext-ctype": "*",
                "ext-json": "*",
                "ext-mbstring": "*",
                "ext-simplexml": "*",
                "php": "^7.1 || ^8.0"
            },
            "require-dev": {
                "friendsofphp/php-cs-fixer": "*",
                "phpstan/phpstan": "*",
                "phpunit/phpunit": ">=6.0.0",
                "yoast/phpunit-polyfills": "^0.1.0"
            },
            "suggest": {
                "ext-intl": "Needed to allow Assertion::count(), Assertion::isCountable(), Assertion::minCount(), and Assertion::maxCount() to operate on ResourceBundles"
            },
            "type": "library",
            "autoload": {
                "files": [
                    "lib/Assert/functions.php"
                ],
                "psr-4": {
                    "Assert\\": "lib/Assert"
                }
            },
            "notification-url": "https://packagist.org/downloads/",
            "license": [
                "BSD-2-Clause"
            ],
            "authors": [
                {
                    "name": "Benjamin Eberlei",
                    "email": "kontakt@beberlei.de",
                    "role": "Lead Developer"
                },
                {
                    "name": "Richard Quadling",
                    "email": "rquadling@gmail.com",
                    "role": "Collaborator"
                }
            ],
            "description": "Thin assertion library for input validation in business models.",
            "keywords": [
                "assert",
                "assertion",
                "validation"
            ],
            "support": {
                "issues": "https://github.com/beberlei/assert/issues",
                "source": "https://github.com/beberlei/assert/tree/v3.3.3"
            },
            "time": "2024-07-15T13:18:35+00:00"
        },
        {
            "name": "composer/semver",
            "version": "3.4.3",
            "source": {
                "type": "git",
                "url": "https://github.com/composer/semver.git",
                "reference": "4313d26ada5e0c4edfbd1dc481a92ff7bff91f12"
            },
            "dist": {
                "type": "zip",
                "url": "https://api.github.com/repos/composer/semver/zipball/4313d26ada5e0c4edfbd1dc481a92ff7bff91f12",
                "reference": "4313d26ada5e0c4edfbd1dc481a92ff7bff91f12",
                "shasum": ""
            },
            "require": {
                "php": "^5.3.2 || ^7.0 || ^8.0"
            },
            "require-dev": {
                "phpstan/phpstan": "^1.11",
                "symfony/phpunit-bridge": "^3 || ^7"
            },
            "type": "library",
            "extra": {
                "branch-alias": {
                    "dev-main": "3.x-dev"
                }
            },
            "autoload": {
                "psr-4": {
                    "Composer\\Semver\\": "src"
                }
            },
            "notification-url": "https://packagist.org/downloads/",
            "license": [
                "MIT"
            ],
            "authors": [
                {
                    "name": "Nils Adermann",
                    "email": "naderman@naderman.de",
                    "homepage": "http://www.naderman.de"
                },
                {
                    "name": "Jordi Boggiano",
                    "email": "j.boggiano@seld.be",
                    "homepage": "http://seld.be"
                },
                {
                    "name": "Rob Bast",
                    "email": "rob.bast@gmail.com",
                    "homepage": "http://robbast.nl"
                }
            ],
            "description": "Semver library that offers utilities, version constraint parsing and validation.",
            "keywords": [
                "semantic",
                "semver",
                "validation",
                "versioning"
            ],
            "support": {
                "irc": "ircs://irc.libera.chat:6697/composer",
                "issues": "https://github.com/composer/semver/issues",
                "source": "https://github.com/composer/semver/tree/3.4.3"
            },
            "funding": [
                {
                    "url": "https://packagist.com",
                    "type": "custom"
                },
                {
                    "url": "https://github.com/composer",
                    "type": "github"
                },
                {
                    "url": "https://tidelift.com/funding/github/packagist/composer/composer",
                    "type": "tidelift"
                }
            ],
            "time": "2024-09-19T14:15:21+00:00"
        },
        {
            "name": "nikolaposa/version",
            "version": "4.2.1",
            "source": {
                "type": "git",
                "url": "https://github.com/nikolaposa/version.git",
                "reference": "2b9ee2f0b09333b6ce00bd6b63132cdf1d7a1428"
            },
            "dist": {
                "type": "zip",
                "url": "https://api.github.com/repos/nikolaposa/version/zipball/2b9ee2f0b09333b6ce00bd6b63132cdf1d7a1428",
                "reference": "2b9ee2f0b09333b6ce00bd6b63132cdf1d7a1428",
                "shasum": ""
            },
            "require": {
                "beberlei/assert": "^3.2",
                "php": "^8.1"
            },
            "require-dev": {
                "friendsofphp/php-cs-fixer": "^3.44",
                "phpstan/phpstan": "^1.10",
                "phpstan/phpstan-beberlei-assert": "^1.1",
                "phpstan/phpstan-phpunit": "^1.3",
                "phpunit/phpunit": "^10.5"
            },
            "type": "library",
            "extra": {
                "branch-alias": {
                    "dev-master": "4.2.x-dev"
                }
            },
            "autoload": {
                "psr-4": {
                    "Version\\": "src/"
                }
            },
            "notification-url": "https://packagist.org/downloads/",
            "license": [
                "MIT"
            ],
            "authors": [
                {
                    "name": "Nikola Poša",
                    "email": "posa.nikola@gmail.com",
                    "homepage": "https://www.nikolaposa.in.rs"
                }
            ],
            "description": "Value Object that represents a SemVer-compliant version number.",
            "homepage": "https://github.com/nikolaposa/version",
            "keywords": [
                "semantic",
                "semver",
                "version",
                "versioning"
            ],
            "support": {
                "issues": "https://github.com/nikolaposa/version/issues",
                "source": "https://github.com/nikolaposa/version/tree/4.2.1"
            },
            "time": "2025-03-24T19:12:02+00:00"
        },
        {
            "name": "phpstan/phpstan",
            "version": "2.1.21",
            "source": {
                "type": "git",
                "url": "https://github.com/phpstan/phpstan.git",
                "reference": "1ccf445757458c06a04eb3f803603cb118fe5fa6"
            },
            "dist": {
                "type": "zip",
                "url": "https://api.github.com/repos/phpstan/phpstan/zipball/1ccf445757458c06a04eb3f803603cb118fe5fa6",
                "reference": "1ccf445757458c06a04eb3f803603cb118fe5fa6",
                "shasum": ""
            },
            "require": {
                "php": "^7.4|^8.0"
            },
            "conflict": {
                "phpstan/phpstan-shim": "*"
            },
            "bin": [
                "phpstan",
                "phpstan.phar"
            ],
            "type": "library",
            "autoload": {
                "files": [
                    "bootstrap.php"
                ]
            },
            "notification-url": "https://packagist.org/downloads/",
            "license": [
                "MIT"
            ],
            "description": "PHPStan - PHP Static Analysis Tool",
            "keywords": [
                "dev",
                "static analysis"
            ],
            "support": {
                "docs": "https://phpstan.org/user-guide/getting-started",
                "forum": "https://github.com/phpstan/phpstan/discussions",
                "issues": "https://github.com/phpstan/phpstan/issues",
                "security": "https://github.com/phpstan/phpstan/security/policy",
                "source": "https://github.com/phpstan/phpstan-src"
            },
            "funding": [
                {
                    "url": "https://github.com/ondrejmirtes",
                    "type": "github"
                },
                {
                    "url": "https://github.com/phpstan",
                    "type": "github"
                }
            ],
            "time": "2025-07-28T19:35:08+00:00"
        },
        {
            "name": "phpstan/phpstan-deprecation-rules",
            "version": "2.0.3",
            "source": {
                "type": "git",
                "url": "https://github.com/phpstan/phpstan-deprecation-rules.git",
                "reference": "468e02c9176891cc901143da118f09dc9505fc2f"
            },
            "dist": {
                "type": "zip",
                "url": "https://api.github.com/repos/phpstan/phpstan-deprecation-rules/zipball/468e02c9176891cc901143da118f09dc9505fc2f",
                "reference": "468e02c9176891cc901143da118f09dc9505fc2f",
                "shasum": ""
            },
            "require": {
                "php": "^7.4 || ^8.0",
                "phpstan/phpstan": "^2.1.15"
            },
            "require-dev": {
                "php-parallel-lint/php-parallel-lint": "^1.2",
                "phpstan/phpstan-phpunit": "^2.0",
                "phpunit/phpunit": "^9.6"
            },
            "type": "phpstan-extension",
            "extra": {
                "phpstan": {
                    "includes": [
                        "rules.neon"
                    ]
                }
            },
            "autoload": {
                "psr-4": {
                    "PHPStan\\": "src/"
                }
            },
            "notification-url": "https://packagist.org/downloads/",
            "license": [
                "MIT"
            ],
            "description": "PHPStan rules for detecting usage of deprecated classes, methods, properties, constants and traits.",
            "support": {
                "issues": "https://github.com/phpstan/phpstan-deprecation-rules/issues",
                "source": "https://github.com/phpstan/phpstan-deprecation-rules/tree/2.0.3"
            },
            "time": "2025-05-14T10:56:57+00:00"
        },
        {
            "name": "phpstan/phpstan-dibi",
            "version": "2.0.0",
            "source": {
                "type": "git",
                "url": "https://github.com/phpstan/phpstan-dibi.git",
                "reference": "80c582d7a4687e6d071d1fe70a12664b9f44555a"
            },
            "dist": {
                "type": "zip",
                "url": "https://api.github.com/repos/phpstan/phpstan-dibi/zipball/80c582d7a4687e6d071d1fe70a12664b9f44555a",
                "reference": "80c582d7a4687e6d071d1fe70a12664b9f44555a",
                "shasum": ""
            },
            "require": {
                "php": "^7.4 || ^8.0",
                "phpstan/phpstan": "^2.0"
            },
            "conflict": {
                "dibi/dibi": "<3.0"
            },
            "require-dev": {
                "dibi/dibi": "~4.0",
                "php-parallel-lint/php-parallel-lint": "^1.2",
                "phpstan/phpstan-phpunit": "^2.0",
                "phpstan/phpstan-strict-rules": "^2.0",
                "phpunit/phpunit": "^9.6"
            },
            "type": "phpstan-extension",
            "extra": {
                "phpstan": {
                    "includes": [
                        "extension.neon"
                    ]
                }
            },
            "autoload": {
                "psr-4": {
                    "PHPStan\\": "src/"
                }
            },
            "notification-url": "https://packagist.org/downloads/",
            "license": [
                "MIT"
            ],
            "description": "Dibi class reflection extension for PHPStan",
            "support": {
                "issues": "https://github.com/phpstan/phpstan-dibi/issues",
                "source": "https://github.com/phpstan/phpstan-dibi/tree/2.0.0"
            },
            "time": "2024-10-04T12:01:58+00:00"
        },
        {
            "name": "phpstan/phpstan-nette",
            "version": "2.0.4",
            "source": {
                "type": "git",
                "url": "https://github.com/phpstan/phpstan-nette.git",
                "reference": "9b629867b8e13e0afad8c8537b6541230d7b6a38"
            },
            "dist": {
                "type": "zip",
                "url": "https://api.github.com/repos/phpstan/phpstan-nette/zipball/9b629867b8e13e0afad8c8537b6541230d7b6a38",
                "reference": "9b629867b8e13e0afad8c8537b6541230d7b6a38",
                "shasum": ""
            },
            "require": {
                "php": "^7.4 || ^8.0",
                "phpstan/phpstan": "^2.1.12"
            },
            "conflict": {
                "nette/application": "<2.3.0",
                "nette/component-model": "<2.3.0",
                "nette/di": "<2.3.0",
                "nette/forms": "<2.3.0",
                "nette/http": "<2.3.0",
                "nette/utils": "<2.3.0"
            },
            "require-dev": {
                "nette/application": "^3.0",
                "nette/di": "^3.1.10",
                "nette/forms": "^3.0",
                "nette/utils": "^2.3.0 || ^3.0.0",
                "php-parallel-lint/php-parallel-lint": "^1.2",
                "phpstan/phpstan-deprecation-rules": "^2.0",
                "phpstan/phpstan-phpunit": "^2.0",
                "phpstan/phpstan-strict-rules": "^2.0",
                "phpunit/phpunit": "^9.6"
            },
            "type": "phpstan-extension",
            "extra": {
                "phpstan": {
                    "includes": [
                        "extension.neon",
                        "rules.neon"
                    ]
                }
            },
            "autoload": {
                "psr-4": {
                    "PHPStan\\": "src/"
                }
            },
            "notification-url": "https://packagist.org/downloads/",
            "license": [
                "MIT"
            ],
            "description": "Nette Framework class reflection extension for PHPStan",
            "support": {
                "issues": "https://github.com/phpstan/phpstan-nette/issues",
                "source": "https://github.com/phpstan/phpstan-nette/tree/2.0.4"
            },
            "time": "2025-06-17T13:26:39+00:00"
        },
        {
            "name": "phpstan/phpstan-strict-rules",
            "version": "2.0.6",
            "source": {
                "type": "git",
                "url": "https://github.com/phpstan/phpstan-strict-rules.git",
                "reference": "f9f77efa9de31992a832ff77ea52eb42d675b094"
            },
            "dist": {
                "type": "zip",
                "url": "https://api.github.com/repos/phpstan/phpstan-strict-rules/zipball/f9f77efa9de31992a832ff77ea52eb42d675b094",
                "reference": "f9f77efa9de31992a832ff77ea52eb42d675b094",
                "shasum": ""
            },
            "require": {
                "php": "^7.4 || ^8.0",
                "phpstan/phpstan": "^2.0.4"
            },
            "require-dev": {
                "php-parallel-lint/php-parallel-lint": "^1.2",
                "phpstan/phpstan-deprecation-rules": "^2.0",
                "phpstan/phpstan-phpunit": "^2.0",
                "phpunit/phpunit": "^9.6"
            },
            "type": "phpstan-extension",
            "extra": {
                "phpstan": {
                    "includes": [
                        "rules.neon"
                    ]
                }
            },
            "autoload": {
                "psr-4": {
                    "PHPStan\\": "src/"
                }
            },
            "notification-url": "https://packagist.org/downloads/",
            "license": [
                "MIT"
            ],
            "description": "Extra strict and opinionated rules for PHPStan",
            "support": {
                "issues": "https://github.com/phpstan/phpstan-strict-rules/issues",
                "source": "https://github.com/phpstan/phpstan-strict-rules/tree/2.0.6"
            },
            "time": "2025-07-21T12:19:29+00:00"
        },
        {
            "name": "staabm/phpstan-todo-by",
            "version": "0.2",
            "source": {
                "type": "git",
                "url": "https://github.com/staabm/phpstan-todo-by.git",
                "reference": "de149a2dcdc0bcb5f3ebc6f6c571bf50d74aea92"
            },
            "dist": {
                "type": "zip",
                "url": "https://api.github.com/repos/staabm/phpstan-todo-by/zipball/de149a2dcdc0bcb5f3ebc6f6c571bf50d74aea92",
                "reference": "de149a2dcdc0bcb5f3ebc6f6c571bf50d74aea92",
                "shasum": ""
            },
            "require": {
                "composer-runtime-api": "^2",
                "composer/semver": "^3.4",
                "ext-curl": "*",
                "ext-json": "*",
                "nikolaposa/version": "^4.1",
                "php": "^7.4 || ^8.0",
                "phpstan/phpstan": "^1.10 || ^2.0"
            },
            "require-dev": {
                "friendsofphp/php-cs-fixer": "^3.64",
                "nikic/php-parser": "^4.0",
                "phpstan/extension-installer": "^1.4",
                "phpstan/phpstan-deprecation-rules": "^1.2",
                "phpunit/phpunit": "^9 || ^10.5",
                "redaxo/php-cs-fixer-config": "^1.0"
            },
            "type": "phpstan-extension",
            "extra": {
                "phpstan": {
                    "includes": [
                        "extension.neon"
                    ]
                }
            },
            "autoload": {
                "psr-4": {
                    "staabm\\PHPStanTodoBy\\": "src/"
                }
            },
            "notification-url": "https://packagist.org/downloads/",
            "license": [
                "MIT"
            ],
            "keywords": [
                "PHPStan",
                "comments",
                "dev",
                "expiration",
                "phpstan-extension",
                "static analysis"
            ],
            "support": {
                "issues": "https://github.com/staabm/phpstan-todo-by/issues",
                "source": "https://github.com/staabm/phpstan-todo-by/tree/0.2"
            },
            "funding": [
                {
                    "url": "https://github.com/staabm",
                    "type": "github"
                }
            ],
            "time": "2024-11-11T08:11:22+00:00"
        }
    ],
    "packages-dev": [
        {
            "name": "spaze/phpstan-disallowed-calls",
            "version": "v4.6.0",
            "source": {
                "type": "git",
                "url": "https://github.com/spaze/phpstan-disallowed-calls.git",
                "reference": "d77ea1351ac2cc16c00a389ea0db87fc11072b80"
            },
            "dist": {
                "type": "zip",
                "url": "https://api.github.com/repos/spaze/phpstan-disallowed-calls/zipball/d77ea1351ac2cc16c00a389ea0db87fc11072b80",
                "reference": "d77ea1351ac2cc16c00a389ea0db87fc11072b80",
                "shasum": ""
            },
            "require": {
                "php": "^7.4 || ^8.0",
                "phpstan/phpstan": "^1.12.6 || ^2.0"
            },
            "require-dev": {
                "nette/neon": "^3.3.1",
                "nikic/php-parser": "^4.13.2 || ^5.0",
                "php-parallel-lint/php-console-highlighter": "^1.0",
                "php-parallel-lint/php-parallel-lint": "^1.2",
                "phpstan/phpstan-deprecation-rules": "^1.2 || ^2.0",
                "phpunit/phpunit": "^8.5.14 || ^10.1 || ^11.0 || ^12.0",
                "shipmonk/dead-code-detector": "^0.12",
                "spaze/coding-standard": "^1.8"
            },
            "type": "phpstan-extension",
            "extra": {
                "phpstan": {
                    "includes": [
                        "extension.neon"
                    ]
                }
            },
            "autoload": {
                "psr-4": {
                    "Spaze\\PHPStan\\Rules\\Disallowed\\": "src"
                }
            },
            "notification-url": "https://packagist.org/downloads/",
            "license": [
                "MIT"
            ],
            "authors": [
                {
                    "name": "Michal Špaček",
                    "email": "mail@michalspacek.cz",
                    "homepage": "https://www.michalspacek.cz"
                }
            ],
            "description": "PHPStan rules to detect disallowed method & function calls, constant, namespace, attribute & superglobal usages, with powerful rules to re-allow a call or a usage in places where it should be allowed.",
            "keywords": [
                "static analysis"
            ],
            "support": {
                "issues": "https://github.com/spaze/phpstan-disallowed-calls/issues",
                "source": "https://github.com/spaze/phpstan-disallowed-calls/tree/v4.6.0"
            },
            "funding": [
                {
                    "url": "https://github.com/spaze",
                    "type": "github"
                }
            ],
            "time": "2025-07-11T18:17:33+00:00"
        }
    ],
    "aliases": [],
    "minimum-stability": "stable",
    "stability-flags": {},
    "prefer-stable": false,
    "prefer-lowest": false,
    "platform": {},
    "platform-dev": {},
    "plugin-api-version": "2.6.0"
}
